
Microsoft Visual Studio Solution File, Format Version 12.00
# Visual Studio Version 17
VisualStudioVersion = 17.13.35931.197 d17.13
MinimumVisualStudioVersion = 10.0.40219.1
Project("{FAE04EC0-301F-11D3-BF4B-00C04F79EFBC}") = "Task.OOP5", "Task.OOP5\Task.OOP5.csproj", "{F6CA5149-811B-400F-9A3E-4D699311C258}"
EndProject
Global
	GlobalSection(SolutionConfigurationPlatforms) = preSolution
		Debug|Any CPU = Debug|Any CPU
		Release|Any CPU = Release|Any CPU
	EndGlobalSection
	GlobalSection(ProjectConfigurationPlatforms) = postSolution
		{F6CA5149-811B-400F-9A3E-4D699311C258}.Debug|Any CPU.ActiveCfg = Debug|Any CPU
		{F6CA5149-811B-400F-9A3E-4D699311C258}.Debug|Any CPU.Build.0 = Debug|Any CPU
		{F6CA5149-811B-400F-9A3E-4D699311C258}.Release|Any CPU.ActiveCfg = Release|Any CPU
		{F6CA5149-811B-400F-9A3E-4D699311C258}.Release|Any CPU.Build.0 = Release|Any CPU
	EndGlobalSection
	GlobalSection(SolutionProperties) = preSolution
		HideSolutionNode = FALSE
	EndGlobalSection
	GlobalSection(ExtensibilityGlobals) = postSolution
		SolutionGuid = {DDCFCE9B-390C-4B8F-B8C2-5E3A33E33109}
	EndGlobalSection
EndGlobal
